<?xml version="1.0" encoding="utf-8"?>
<Project ToolsVersion="4.0" xmlns="http://schemas.microsoft.com/developer/msbuild/2003">
  <ItemGroup>
    <Filter Include="源文件">
      <UniqueIdentifier>{4FC737F1-C7A5-4376-A066-2A32D752A2FF}</UniqueIdentifier>
      <Extensions>cpp;c;cc;cxx;c++;cppm;ixx;def;odl;idl;hpj;bat;asm;asmx</Extensions>
    </Filter>
    <Filter Include="头文件">
      <UniqueIdentifier>{93995380-89BD-4b04-88EB-625FBE52EBFB}</UniqueIdentifier>
      <Extensions>h;hh;hpp;hxx;h++;hm;inl;inc;ipp;xsd</Extensions>
    </Filter>
    <Filter Include="资源文件">
      <UniqueIdentifier>{67DA6AB6-F800-4c08-8B7A-83BB121AAD01}</UniqueIdentifier>
      <Extensions>rc;ico;cur;bmp;dlg;rc2;rct;bin;rgs;gif;jpg;jpeg;jpe;resx;tiff;tif;png;wav;mfcribbon-ms</Extensions>
    </Filter>
    <Filter Include="源文件\Math">
      <UniqueIdentifier>{9bb26685-fa40-4843-9375-bdf6fa7e1948}</UniqueIdentifier>
    </Filter>
    <Filter Include="源文件\Loader">
      <UniqueIdentifier>{63eaaaef-7855-4558-b3ae-8907fed78047}</UniqueIdentifier>
    </Filter>
    <Filter Include="源文件\Core">
      <UniqueIdentifier>{4a204617-76ca-4b9c-95b9-09f58dc4c7d9}</UniqueIdentifier>
    </Filter>
    <Filter Include="源文件\ThirdParty">
      <UniqueIdentifier>{237856eb-a8d1-4062-9766-b2249765940b}</UniqueIdentifier>
    </Filter>
    <Filter Include="源文件\ThirdParty\RadeonRays">
      <UniqueIdentifier>{4a2f18ae-4592-4de9-944e-ac583f221053}</UniqueIdentifier>
    </Filter>
    <Filter Include="源文件\ThirdParty\tinyobject">
      <UniqueIdentifier>{c56f0bc9-569d-4cd7-96e0-b4443be7aa14}</UniqueIdentifier>
    </Filter>
    <Filter Include="源文件\ThirdParty\gl3w">
      <UniqueIdentifier>{d892d601-07a4-4c71-92b0-d012aa2c89ed}</UniqueIdentifier>
    </Filter>
    <Filter Include="源文件\ThirdParty\gl3w\GL">
      <UniqueIdentifier>{45983bde-4adb-42ff-b074-d7d42da1adcf}</UniqueIdentifier>
    </Filter>
    <Filter Include="源文件\ThirdParty\imgui">
      <UniqueIdentifier>{c6555d2e-b4db-4a95-ba96-83a84fbca01b}</UniqueIdentifier>
    </Filter>
    <Filter Include="源文件\ThirdParty\imguizmo">
      <UniqueIdentifier>{0acd6af9-b892-42a2-984a-ce896ab1912e}</UniqueIdentifier>
    </Filter>
    <Filter Include="源文件\ThirdParty\oidn">
      <UniqueIdentifier>{e59a727a-24a3-431f-8b70-b128706175ec}</UniqueIdentifier>
    </Filter>
    <Filter Include="源文件\ThirdParty\tinydir">
      <UniqueIdentifier>{1e6c5eb4-2c32-4a99-9dca-0eaa8c8fcf77}</UniqueIdentifier>
    </Filter>
    <Filter Include="源文件\ThirdParty\tinygltf">
      <UniqueIdentifier>{91e703c3-de8c-4fcf-9811-3ea180698aa3}</UniqueIdentifier>
    </Filter>
    <Filter Include="源文件\Core\Render">
      <UniqueIdentifier>{b6b590cd-9cac-4ea8-8cd0-efbaf074b3a6}</UniqueIdentifier>
    </Filter>
    <Filter Include="源文件\Core\Material">
      <UniqueIdentifier>{3fc1600d-7473-4b19-99da-3cd9fd7c9f5c}</UniqueIdentifier>
    </Filter>
    <Filter Include="源文件\ThirdParty\stb">
      <UniqueIdentifier>{e466507b-7fd5-4fec-9e74-a3d6a34e4894}</UniqueIdentifier>
    </Filter>
  </ItemGroup>
  <ItemGroup>
    <ClCompile Include="Src\Main.cpp">
      <Filter>源文件</Filter>
    </ClCompile>
    <ClCompile Include="Src\Loaders\Loader.cpp">
      <Filter>源文件\Loader</Filter>
    </ClCompile>
    <ClCompile Include="Src\Core\Scene.cpp">
      <Filter>源文件\Core</Filter>
    </ClCompile>
    <ClCompile Include="Src\Core\EnvironmentMap.cpp">
      <Filter>源文件\Core</Filter>
    </ClCompile>
    <ClCompile Include="ThirdParty\RadeonRays\bbox.cpp">
      <Filter>源文件\ThirdParty\RadeonRays</Filter>
    </ClCompile>
    <ClCompile Include="ThirdParty\RadeonRays\bvh.cpp">
      <Filter>源文件\ThirdParty\RadeonRays</Filter>
    </ClCompile>
    <ClCompile Include="ThirdParty\RadeonRays\bvh_translator.cpp">
      <Filter>源文件\ThirdParty\RadeonRays</Filter>
    </ClCompile>
    <ClCompile Include="ThirdParty\RadeonRays\split_bvh.cpp">
      <Filter>源文件\ThirdParty\RadeonRays</Filter>
    </ClCompile>
    <ClCompile Include="Src\Core\Mesh.cpp">
      <Filter>源文件\Core</Filter>
    </ClCompile>
    <ClCompile Include="ThirdParty\gl3w\GL\gl3w.c">
      <Filter>源文件\ThirdParty\gl3w\GL</Filter>
    </ClCompile>
    <ClCompile Include="ThirdParty\imgui\imgui.cpp">
      <Filter>源文件\ThirdParty\imgui</Filter>
    </ClCompile>
    <ClCompile Include="ThirdParty\imgui\imgui_draw.cpp">
      <Filter>源文件\ThirdParty\imgui</Filter>
    </ClCompile>
    <ClCompile Include="ThirdParty\imgui\imgui_impl_opengl3.cpp">
      <Filter>源文件\ThirdParty\imgui</Filter>
    </ClCompile>
    <ClCompile Include="ThirdParty\imgui\imgui_impl_sdl.cpp">
      <Filter>源文件\ThirdParty\imgui</Filter>
    </ClCompile>
    <ClCompile Include="ThirdParty\imgui\imgui_stdlib.cpp">
      <Filter>源文件\ThirdParty\imgui</Filter>
    </ClCompile>
    <ClCompile Include="ThirdParty\imgui\imgui_widgets.cpp">
      <Filter>源文件\ThirdParty\imgui</Filter>
    </ClCompile>
    <ClCompile Include="ThirdParty\imguizmo\ImGuizmo.cpp">
      <Filter>源文件\ThirdParty\imguizmo</Filter>
    </ClCompile>
    <ClCompile Include="Src\Core\Renderer.cpp">
      <Filter>源文件\Core\Render</Filter>
    </ClCompile>
    <ClCompile Include="Src\Core\Shader.cpp">
      <Filter>源文件\Core\Render</Filter>
    </ClCompile>
    <ClCompile Include="Src\Core\ShaderProgram.cpp">
      <Filter>源文件\Core\Render</Filter>
    </ClCompile>
    <ClCompile Include="Src\Core\Texture.cpp">
      <Filter>源文件\Core\Material</Filter>
    </ClCompile>
    <ClCompile Include="Src\Core\Quad.cpp">
      <Filter>源文件\Core</Filter>
    </ClCompile>
    <ClCompile Include="Src\Core\Camera.cpp">
      <Filter>源文件\Core</Filter>
    </ClCompile>
    <ClCompile Include="Src\Loaders\GLTFLoader.cpp">
      <Filter>源文件\Loader</Filter>
    </ClCompile>
  </ItemGroup>
  <ItemGroup>
    <ClInclude Include="Src\Math\Vec3.h">
      <Filter>源文件\Math</Filter>
    </ClInclude>
    <ClInclude Include="Src\Math\Vec4.h">
      <Filter>源文件\Math</Filter>
    </ClInclude>
    <ClInclude Include="Src\Math\MathUtils.h">
      <Filter>源文件\Math</Filter>
    </ClInclude>
    <ClInclude Include="Src\Math\Vec2.h">
      <Filter>源文件\Math</Filter>
    </ClInclude>
    <ClInclude Include="Src\Loaders\Loader.h">
      <Filter>源文件\Loader</Filter>
    </ClInclude>
    <ClInclude Include="Src\Core\Scene.h">
      <Filter>源文件\Core</Filter>
    </ClInclude>
    <ClInclude Include="Src\Core\EnvironmentMap.h">
      <Filter>源文件\Core</Filter>
    </ClInclude>
    <ClInclude Include="ThirdParty\RadeonRays\bbox.h">
      <Filter>源文件\ThirdParty\RadeonRays</Filter>
    </ClInclude>
    <ClInclude Include="ThirdParty\RadeonRays\bvh.h">
      <Filter>源文件\ThirdParty\RadeonRays</Filter>
    </ClInclude>
    <ClInclude Include="ThirdParty\RadeonRays\bvh_translator.h">
      <Filter>源文件\ThirdParty\RadeonRays</Filter>
    </ClInclude>
    <ClInclude Include="ThirdParty\RadeonRays\split_bvh.h">
      <Filter>源文件\ThirdParty\RadeonRays</Filter>
    </ClInclude>
    <ClInclude Include="Src\Math\Mat4.h">
      <Filter>源文件\Math</Filter>
    </ClInclude>
    <ClInclude Include="Src\Core\Mesh.h">
      <Filter>源文件\Core</Filter>
    </ClInclude>
    <ClInclude Include="ThirdParty\tinyobjloader\tiny_obj_loader.h">
      <Filter>源文件\ThirdParty\tinyobject</Filter>
    </ClInclude>
    <ClInclude Include="ThirdParty\tinydir\tinydir.h">
      <Filter>源文件\ThirdParty\tinydir</Filter>
    </ClInclude>
    <ClInclude Include="ThirdParty\imgui\imconfig.h">
      <Filter>源文件\ThirdParty\imgui</Filter>
    </ClInclude>
    <ClInclude Include="ThirdParty\imgui\imgui.h">
      <Filter>源文件\ThirdParty\imgui</Filter>
    </ClInclude>
    <ClInclude Include="ThirdParty\imgui\imgui_impl_opengl3.h">
      <Filter>源文件\ThirdParty\imgui</Filter>
    </ClInclude>
    <ClInclude Include="ThirdParty\imgui\imgui_impl_sdl.h">
      <Filter>源文件\ThirdParty\imgui</Filter>
    </ClInclude>
    <ClInclude Include="ThirdParty\imgui\imgui_internal.h">
      <Filter>源文件\ThirdParty\imgui</Filter>
    </ClInclude>
    <ClInclude Include="ThirdParty\imgui\imgui_stdlib.h">
      <Filter>源文件\ThirdParty\imgui</Filter>
    </ClInclude>
    <ClInclude Include="ThirdParty\imgui\imstb_rectpack.h">
      <Filter>源文件\ThirdParty\imgui</Filter>
    </ClInclude>
    <ClInclude Include="ThirdParty\imgui\imstb_textedit.h">
      <Filter>源文件\ThirdParty\imgui</Filter>
    </ClInclude>
    <ClInclude Include="ThirdParty\imgui\imstb_truetype.h">
      <Filter>源文件\ThirdParty\imgui</Filter>
    </ClInclude>
    <ClInclude Include="ThirdParty\imguizmo\ImGuizmo.h">
      <Filter>源文件\ThirdParty\imguizmo</Filter>
    </ClInclude>
    <ClInclude Include="Src\Core\Renderer.h">
      <Filter>源文件\Core\Render</Filter>
    </ClInclude>
    <ClInclude Include="Src\Core\ShaderInclude.h">
      <Filter>源文件\Core\Render</Filter>
    </ClInclude>
    <ClInclude Include="Src\Core\Shader.h">
      <Filter>源文件\Core\Render</Filter>
    </ClInclude>
    <ClInclude Include="Src\Core\ShaderProgram.h">
      <Filter>源文件\Core\Render</Filter>
    </ClInclude>
    <ClInclude Include="Src\Core\Texture.h">
      <Filter>源文件\Core\Material</Filter>
    </ClInclude>
    <ClInclude Include="Src\Core\Material.h">
      <Filter>源文件\Core\Material</Filter>
    </ClInclude>
    <ClInclude Include="Src\Core\Pch.h">
      <Filter>源文件</Filter>
    </ClInclude>
    <ClInclude Include="Src\Core\Quad.h">
      <Filter>源文件\Core</Filter>
    </ClInclude>
    <ClInclude Include="Src\Core\Camera.h">
      <Filter>源文件\Core</Filter>
    </ClInclude>
    <ClInclude Include="Src\Loaders\GLTFLoader.h">
      <Filter>源文件\Loader</Filter>
    </ClInclude>
    <ClInclude Include="ThirdParty\tinygltf\tiny_gltf.h">
      <Filter>源文件\ThirdParty\tinygltf</Filter>
    </ClInclude>
    <ClInclude Include="ThirdParty\stb\stb_image.h">
      <Filter>源文件\ThirdParty\stb</Filter>
    </ClInclude>
    <ClInclude Include="ThirdParty\stb\stb_image_resize.h">
      <Filter>源文件\ThirdParty\stb</Filter>
    </ClInclude>
    <ClInclude Include="ThirdParty\stb\stb_image_write.h">
      <Filter>源文件\ThirdParty\stb</Filter>
    </ClInclude>
  </ItemGroup>
</Project>